// !$*UTF8*$!
{
	archiveVersion = 1;
	classes = {
	};
	objectVersion = 56;
	objects = {

/* Begin PBXBuildFile section */
		512CC3C62A830EBB00687893 /* AppDelegate.swift in Sources */ = {isa = PBXBuildFile; fileRef = 512CC3C52A830EBB00687893 /* AppDelegate.swift */; };
		512CC3C82A830EBB00687893 /* SceneDelegate.swift in Sources */ = {isa = PBXBuildFile; fileRef = 512CC3C72A830EBB00687893 /* SceneDelegate.swift */; };
		512CC3CA2A830EBB00687893 /* MainViewController.swift in Sources */ = {isa = PBXBuildFile; fileRef = 512CC3C92A830EBB00687893 /* MainViewController.swift */; };
		512CC3CD2A830EBB00687893 /* Main.storyboard in Resources */ = {isa = PBXBuildFile; fileRef = 512CC3CB2A830EBB00687893 /* Main.storyboard */; };
		512CC3CF2A830EBC00687893 /* Assets.xcassets in Resources */ = {isa = PBXBuildFile; fileRef = 512CC3CE2A830EBC00687893 /* Assets.xcassets */; };
		512CC3D22A830EBC00687893 /* LaunchScreen.storyboard in Resources */ = {isa = PBXBuildFile; fileRef = 512CC3D02A830EBC00687893 /* LaunchScreen.storyboard */; };
		512CC3DB2A830F1900687893 /* BRLMPrinterKit.xcframework in Frameworks */ = {isa = PBXBuildFile; fileRef = 512CC3DA2A830F1900687893 /* BRLMPrinterKit.xcframework */; };
		512CC3DC2A830F1900687893 /* BRLMPrinterKit.xcframework in Embed Frameworks */ = {isa = PBXBuildFile; fileRef = 512CC3DA2A830F1900687893 /* BRLMPrinterKit.xcframework */; settings = {ATTRIBUTES = (CodeSignOnCopy, RemoveHeadersOnCopy, ); }; };
/* End PBXBuildFile section */

/* Begin PBXCopyFilesBuildPhase section */
		512CC3DD2A830F1900687893 /* Embed Frameworks */ = {
			isa = PBXCopyFilesBuildPhase;
			buildActionMask = 2147483647;
			dstPath = "";
			dstSubfolderSpec = 10;
			files = (
				512CC3DC2A830F1900687893 /* BRLMPrinterKit.xcframework in Embed Frameworks */,
			);
			name = "Embed Frameworks";
			runOnlyForDeploymentPostprocessing = 0;
		};
/* End PBXCopyFilesBuildPhase section */

/* Begin PBXFileReference section */
		512CC3C22A830EBB00687893 /* Simple_design_app.app */ = {isa = PBXFileReference; explicitFileType = wrapper.application; includeInIndex = 0; path = Simple_design_app.app; sourceTree = BUILT_PRODUCTS_DIR; };
		512CC3C52A830EBB00687893 /* AppDelegate.swift */ = {isa = PBXFileReference; lastKnownFileType = sourcecode.swift; path = AppDelegate.swift; sourceTree = "<group>"; };
		512CC3C72A830EBB00687893 /* SceneDelegate.swift */ = {isa = PBXFileReference; lastKnownFileType = sourcecode.swift; path = SceneDelegate.swift; sourceTree = "<group>"; };
		512CC3C92A830EBB00687893 /* MainViewController.swift */ = {isa = PBXFileReference; lastKnownFileType = sourcecode.swift; path = MainViewController.swift; sourceTree = "<group>"; };
		512CC3CC2A830EBB00687893 /* Base */ = {isa = PBXFileReference; lastKnownFileType = file.storyboard; name = Base; path = Base.lproj/Main.storyboard; sourceTree = "<group>"; };
		512CC3CE2A830EBC00687893 /* Assets.xcassets */ = {isa = PBXFileReference; lastKnownFileType = folder.assetcatalog; path = Assets.xcassets; sourceTree = "<group>"; };
		512CC3D12A830EBC00687893 /* Base */ = {isa = PBXFileReference; lastKnownFileType = file.storyboard; name = Base; path = Base.lproj/LaunchScreen.storyboard; sourceTree = "<group>"; };
		512CC3D32A830EBC00687893 /* Info.plist */ = {isa = PBXFileReference; lastKnownFileType = text.plist.xml; path = Info.plist; sourceTree = "<group>"; };
		512CC3DA2A830F1900687893 /* BRLMPrinterKit.xcframework */ = {isa = PBXFileReference; lastKnownFileType = wrapper.xcframework; name = BRLMPrinterKit.xcframework; path = ../libs/BT_Net/BRLMPrinterKit.xcframework; sourceTree = "<group>"; };
/* End PBXFileReference section */

/* Begin PBXFrameworksBuildPhase section */
		512CC3BF2A830EBB00687893 /* Frameworks */ = {
			isa = PBXFrameworksBuildPhase;
			buildActionMask = 2147483647;
			files = (
				512CC3DB2A830F1900687893 /* BRLMPrinterKit.xcframework in Frameworks */,
			);
			runOnlyForDeploymentPostprocessing = 0;
		};
/* End PBXFrameworksBuildPhase section */

/* Begin PBXGroup section */
		512CC3B92A830EBB00687893 = {
			isa = PBXGroup;
			children = (
				512CC3C42A830EBB00687893 /* Simple_design_app */,
				512CC3C32A830EBB00687893 /* Products */,
				512CC3D92A830F1900687893 /* Frameworks */,
			);
			sourceTree = "<group>";
		};
		512CC3C32A830EBB00687893 /* Products */ = {
			isa = PBXGroup;
			children = (
				512CC3C22A830EBB00687893 /* Simple_design_app.app */,
			);
			name = Products;
			sourceTree = "<group>";
		};
		512CC3C42A830EBB00687893 /* Simple_design_app */ = {
			isa = PBXGroup;
			children = (
				512CC3C52A830EBB00687893 /* AppDelegate.swift */,
				512CC3C72A830EBB00687893 /* SceneDelegate.swift */,
				512CC3C92A830EBB00687893 /* MainViewController.swift */,
				512CC3CB2A830EBB00687893 /* Main.storyboard */,
				512CC3CE2A830EBC00687893 /* Assets.xcassets */,
				512CC3D02A830EBC00687893 /* LaunchScreen.storyboard */,
				512CC3D32A830EBC00687893 /* Info.plist */,
			);
			path = Simple_design_app;
			sourceTree = "<group>";
		};
		512CC3D92A830F1900687893 /* Frameworks */ = {
			isa = PBXGroup;
			children = (
				512CC3DA2A830F1900687893 /* BRLMPrinterKit.xcframework */,
			);
			name = Frameworks;
			sourceTree = "<group>";
		};
/* End PBXGroup section */

/* Begin PBXNativeTarget section */
		512CC3C12A830EBB00687893 /* Simple_design_app */ = {
			isa = PBXNativeTarget;
			buildConfigurationList = 512CC3D62A830EBC00687893 /* Build configuration list for PBXNativeTarget "Simple_design_app" */;
			buildPhases = (
				512CC3BE2A830EBB00687893 /* Sources */,
				512CC3BF2A830EBB00687893 /* Frameworks */,
				512CC3C02A830EBB00687893 /* Resources */,
				512CC3DD2A830F1900687893 /* Embed Frameworks */,
			);
			buildRules = (
			);
			dependencies = (
			);
			name = Simple_design_app;
			productName = Simple_design_app;
			productReference = 512CC3C22A830EBB00687893 /* Simple_design_app.app */;
			productType = "com.apple.product-type.application";
		};
/* End PBXNativeTarget section */

/* Begin PBXProject section */
		512CC3BA2A830EBB00687893 /* Project object */ = {
			isa = PBXProject;
			attributes = {
				BuildIndependentTargetsInParallel = 1;
				LastSwiftUpdateCheck = 1420;
				LastUpgradeCheck = 1420;
				TargetAttributes = {
					512CC3C12A830EBB00687893 = {
						CreatedOnToolsVersion = 14.2;
					};
				};
			};
			buildConfigurationList = 512CC3BD2A830EBB00687893 /* Build configuration list for PBXProject "Simple_design_app" */;
			compatibilityVersion = "Xcode 14.0";
			developmentRegion = en;
			hasScannedForEncodings = 0;
			knownRegions = (
				en,
				Base,
			);
			mainGroup = 512CC3B92A830EBB00687893;
			productRefGroup = 512CC3C32A830EBB00687893 /* Products */;
			projectDirPath = "";
			projectRoot = "";
			targets = (
				512CC3C12A830EBB00687893 /* Simple_design_app */,
			);
		};
/* End PBXProject section */

/* Begin PBXResourcesBuildPhase section */
		512CC3C02A830EBB00687893 /* Resources */ = {
			isa = PBXResourcesBuildPhase;
			buildActionMask = 2147483647;
			files = (
				512CC3D22A830EBC00687893 /* LaunchScreen.storyboard in Resources */,
				512CC3CF2A830EBC00687893 /* Assets.xcassets in Resources */,
				512CC3CD2A830EBB00687893 /* Main.storyboard in Resources */,
			);
			runOnlyForDeploymentPostprocessing = 0;
		};
/* End PBXResourcesBuildPhase section */

/* Begin PBXSourcesBuildPhase section */
		512CC3BE2A830EBB00687893 /* Sources */ = {
			isa = PBXSourcesBuildPhase;
			buildActionMask = 2147483647;
			files = (
				512CC3CA2A830EBB00687893 /* MainViewController.swift in Sources */,
				512CC3C62A830EBB00687893 /* AppDelegate.swift in Sources */,
				512CC3C82A830EBB00687893 /* SceneDelegate.swift in Sources */,
			);
			runOnlyForDeploymentPostprocessing = 0;
		};
/* End PBXSourcesBuildPhase section */

/* Begin PBXVariantGroup section */
		512CC3CB2A830EBB00687893 /* Main.storyboard */ = {
			isa = PBXVariantGroup;
			children = (
				512CC3CC2A830EBB00687893 /* Base */,
			);
			name = Main.storyboard;
			sourceTree = "<group>";
		};
		512CC3D02A830EBC00687893 /* LaunchScreen.storyboard */ = {
			isa = PBXVariantGroup;
			children = (
				512CC3D12A830EBC00687893 /* Base */,
			);
			name = LaunchScreen.storyboard;
			sourceTree = "<group>";
		};
/* End PBXVariantGroup section */

/* Begin XCBuildConfiguration section */
		512CC3D42A830EBC00687893 /* Debug */ = {
			isa = XCBuildConfiguration;
			buildSettings = {
				ALWAYS_SEARCH_USER_PATHS = NO;
				CLANG_ANALYZER_NONNULL = YES;
				CLANG_ANALYZER_NUMBER_OBJECT_CONVERSION = YES_AGGRESSIVE;
				CLANG_CXX_LANGUAGE_STANDARD = "gnu++20";
				CLANG_ENABLE_MODULES = YES;
				CLANG_ENABLE_OBJC_ARC = YES;
				CLANG_ENABLE_OBJC_WEAK = YES;
				CLANG_WARN_BLOCK_CAPTURE_AUTORELEASING = YES;
				CLANG_WARN_BOOL_CONVERSION = YES;
				CLANG_WARN_COMMA = YES;
				CLANG_WARN_CONSTANT_CONVERSION = YES;
				CLANG_WARN_DEPRECATED_OBJC_IMPLEMENTATIONS = YES;
				CLANG_WARN_DIRECT_OBJC_ISA_USAGE = YES_ERROR;
				CLANG_WARN_DOCUMENTATION_COMMENTS = YES;
				CLANG_WARN_EMPTY_BODY = YES;
				CLANG_WARN_ENUM_CONVERSION = YES;
				CLANG_WARN_INFINITE_RECURSION = YES;
				CLANG_WARN_INT_CONVERSION = YES;
				CLANG_WARN_NON_LITERAL_NULL_CONVERSION = YES;
				CLANG_WARN_OBJC_IMPLICIT_RETAIN_SELF = YES;
				CLANG_WARN_OBJC_LITERAL_CONVERSION = YES;
				CLANG_WARN_OBJC_ROOT_CLASS = YES_ERROR;
				CLANG_WARN_QUOTED_INCLUDE_IN_FRAMEWORK_HEADER = YES;
				CLANG_WARN_RANGE_LOOP_ANALYSIS = YES;
				CLANG_WARN_STRICT_PROTOTYPES = YES;
				CLANG_WARN_SUSPICIOUS_MOVE = YES;
				CLANG_WARN_UNGUARDED_AVAILABILITY = YES_AGGRESSIVE;
				CLANG_WARN_UNREACHABLE_CODE = YES;
				CLANG_WARN__DUPLICATE_METHOD_MATCH = YES;
				COPY_PHASE_STRIP = NO;
				DEBUG_INFORMATION_FORMAT = dwarf;
				ENABLE_STRICT_OBJC_MSGSEND = YES;
				ENABLE_TESTABILITY = YES;
				GCC_C_LANGUAGE_STANDARD = gnu11;
				GCC_DYNAMIC_NO_PIC = NO;
				GCC_NO_COMMON_BLOCKS = YES;
				GCC_OPTIMIZATION_LEVEL = 0;
				GCC_PREPROCESSOR_DEFINITIONS = (
					"DEBUG=1",
					"$(inherited)",
				);
				GCC_WARN_64_TO_32_BIT_CONVERSION = YES;
				GCC_WARN_ABOUT_RETURN_TYPE = YES_ERROR;
				GCC_WARN_UNDECLARED_SELECTOR = YES;
				GCC_WARN_UNINITIALIZED_AUTOS = YES_AGGRESSIVE;
				GCC_WARN_UNUSED_FUNCTION = YES;
				GCC_WARN_UNUSED_VARIABLE = YES;
				IPHONEOS_DEPLOYMENT_TARGET = 16.2;
				MTL_ENABLE_DEBUG_INFO = INCLUDE_SOURCE;
				MTL_FAST_MATH = YES;
				ONLY_ACTIVE_ARCH = YES;
				SDKROOT = iphoneos;
				SWIFT_ACTIVE_COMPILATION_CONDITIONS = DEBUG;
				SWIFT_OPTIMIZATION_LEVEL = "-Onone";
			};
			name = Debug;
		};
		512CC3D52A830EBC00687893 /* Release */ = {
			isa = XCBuildConfiguration;
			buildSettings = {
				ALWAYS_SEARCH_USER_PATHS = NO;
				CLANG_ANALYZER_NONNULL = YES;
				CLANG_ANALYZER_NUMBER_OBJECT_CONVERSION = YES_AGGRESSIVE;
				CLANG_CXX_LANGUAGE_STANDARD = "gnu++20";
				CLANG_ENABLE_MODULES = YES;
				CLANG_ENABLE_OBJC_ARC = YES;
				CLANG_ENABLE_OBJC_WEAK = YES;
				CLANG_WARN_BLOCK_CAPTURE_AUTORELEASING = YES;
				CLANG_WARN_BOOL_CONVERSION = YES;
				CLANG_WARN_COMMA = YES;
				CLANG_WARN_CONSTANT_CONVERSION = YES;
				CLANG_WARN_DEPRECATED_OBJC_IMPLEMENTATIONS = YES;
				CLANG_WARN_DIRECT_OBJC_ISA_USAGE = YES_ERROR;
				CLANG_WARN_DOCUMENTATION_COMMENTS = YES;
				CLANG_WARN_EMPTY_BODY = YES;
				CLANG_WARN_ENUM_CONVERSION = YES;
				CLANG_WARN_INFINITE_RECURSION = YES;
				CLANG_WARN_INT_CONVERSION = YES;
				CLANG_WARN_NON_LITERAL_NULL_CONVERSION = YES;
				CLANG_WARN_OBJC_IMPLICIT_RETAIN_SELF = YES;
				CLANG_WARN_OBJC_LITERAL_CONVERSION = YES;
				CLANG_WARN_OBJC_ROOT_CLASS = YES_ERROR;
				CLANG_WARN_QUOTED_INCLUDE_IN_FRAMEWORK_HEADER = YES;
				CLANG_WARN_RANGE_LOOP_ANALYSIS = YES;
				CLANG_WARN_STRICT_PROTOTYPES = YES;
				CLANG_WARN_SUSPICIOUS_MOVE = YES;
				CLANG_WARN_UNGUARDED_AVAILABILITY = YES_AGGRESSIVE;
				CLANG_WARN_UNREACHABLE_CODE = YES;
				CLANG_WARN__DUPLICATE_METHOD_MATCH = YES;
				COPY_PHASE_STRIP = NO;
				DEBUG_INFORMATION_FORMAT = "dwarf-with-dsym";
				ENABLE_NS_ASSERTIONS = NO;
				ENABLE_STRICT_OBJC_MSGSEND = YES;
				GCC_C_LANGUAGE_STANDARD = gnu11;
				GCC_NO_COMMON_BLOCKS = YES;
				GCC_WARN_64_TO_32_BIT_CONVERSION = YES;
				GCC_WARN_ABOUT_RETURN_TYPE = YES_ERROR;
				GCC_WARN_UNDECLARED_SELECTOR = YES;
				GCC_WARN_UNINITIALIZED_AUTOS = YES_AGGRESSIVE;
				GCC_WARN_UNUSED_FUNCTION = YES;
				GCC_WARN_UNUSED_VARIABLE = YES;
				IPHONEOS_DEPLOYMENT_TARGET = 16.2;
				MTL_ENABLE_DEBUG_INFO = NO;
				MTL_FAST_MATH = YES;
				SDKROOT = iphoneos;
				SWIFT_COMPILATION_MODE = wholemodule;
				SWIFT_OPTIMIZATION_LEVEL = "-O";
				VALIDATE_PRODUCT = YES;
			};
			name = Release;
		};
		512CC3D72A830EBC00687893 /* Debug */ = {
			isa = XCBuildConfiguration;
			buildSettings = {
				ASSETCATALOG_COMPILER_APPICON_NAME = AppIcon;
				ASSETCATALOG_COMPILER_GLOBAL_ACCENT_COLOR_NAME = AccentColor;
				CODE_SIGN_STYLE = Manual;
				CURRENT_PROJECT_VERSION = 1;
				DEVELOPMENT_TEAM = "";
				GENERATE_INFOPLIST_FILE = YES;
				INFOPLIST_FILE = Simple_design_app/Info.plist;
				INFOPLIST_KEY_UIApplicationSupportsIndirectInputEvents = YES;
				INFOPLIST_KEY_UILaunchStoryboardName = LaunchScreen;
				INFOPLIST_KEY_UIMainStoryboardFile = Main;
				INFOPLIST_KEY_UISupportedInterfaceOrientations_iPad = "UIInterfaceOrientationPortrait UIInterfaceOrientationPortraitUpsideDown UIInterfaceOrientationLandscapeLeft UIInterfaceOrientationLandscapeRight";
				INFOPLIST_KEY_UISupportedInterfaceOrientations_iPhone = "UIInterfaceOrientationPortrait UIInterfaceOrientationLandscapeLeft UIInterfaceOrientationLandscapeRight";
				IPHONEOS_DEPLOYMENT_TARGET = 13.0;
				LD_RUNPATH_SEARCH_PATHS = (
					"$(inherited)",
					"@executable_path/Frameworks",
				);
				MARKETING_VERSION = 1.0;
				PRODUCT_NAME = "$(TARGET_NAME)";
				PROVISIONING_PROFILE_SPECIFIER = "";
				SWIFT_EMIT_LOC_STRINGS = YES;
				SWIFT_VERSION = 5.0;
				TARGETED_DEVICE_FAMILY = "1,2";
			};
			name = Debug;
		};
		512CC3D82A830EBC00687893 /* Release */ = {
			isa = XCBuildConfiguration;
			buildSettings = {
				ASSETCATALOG_COMPILER_APPICON_NAME = AppIcon;
				ASSETCATALOG_COMPILER_GLOBAL_ACCENT_COLOR_NAME = AccentColor;
				CODE_SIGN_STYLE = Manual;
				CURRENT_PROJECT_VERSION = 1;
				DEVELOPMENT_TEAM = "";
				GENERATE_INFOPLIST_FILE = YES;
				INFOPLIST_FILE = Simple_design_app/Info.plist;
				INFOPLIST_KEY_UIApplicationSupportsIndirectInputEvents = YES;
				INFOPLIST_KEY_UILaunchStoryboardName = LaunchScreen;
				INFOPLIST_KEY_UIMainStoryboardFile = Main;
				INFOPLIST_KEY_UISupportedInterfaceOrientations_iPad = "UIInterfaceOrientationPortrait UIInterfaceOrientationPortraitUpsideDown UIInterfaceOrientationLandscapeLeft UIInterfaceOrientationLandscapeRight";
				INFOPLIST_KEY_UISupportedInterfaceOrientations_iPhone = "UIInterfaceOrientationPortrait UIInterfaceOrientationLandscapeLeft UIInterfaceOrientationLandscapeRight";
				IPHONEOS_DEPLOYMENT_TARGET = 13.0;
				LD_RUNPATH_SEARCH_PATHS = (
					"$(inherited)",
					"@executable_path/Frameworks",
				);
				MARKETING_VERSION = 1.0;
				PRODUCT_NAME = "$(TARGET_NAME)";
				PROVISIONING_PROFILE_SPECIFIER = "";
				SWIFT_EMIT_LOC_STRINGS = YES;
				SWIFT_VERSION = 5.0;
				TARGETED_DEVICE_FAMILY = "1,2";
			};
			name = Release;
		};
/* End XCBuildConfiguration section */

/* Begin XCConfigurationList section */
		512CC3BD2A830EBB00687893 /* Build configuration list for PBXProject "Simple_design_app" */ = {
			isa = XCConfigurationList;
			buildConfigurations = (
				512CC3D42A830EBC00687893 /* Debug */,
				512CC3D52A830EBC00687893 /* Release */,
			);
			defaultConfigurationIsVisible = 0;
			defaultConfigurationName = Release;
		};
		512CC3D62A830EBC00687893 /* Build configuration list for PBXNativeTarget "Simple_design_app" */ = {
			isa = XCConfigurationList;
			buildConfigurations = (
				512CC3D72A830EBC00687893 /* Debug */,
				512CC3D82A830EBC00687893 /* Release */,
			);
			defaultConfigurationIsVisible = 0;
			defaultConfigurationName = Release;
		};
/* End XCConfigurationList section */
	};
	rootObject = 512CC3BA2A830EBB00687893 /* Project object */;
}
